
Microsoft Visual Studio Solution File, Format Version 12.00
# Visual Studio Version 17
VisualStudioVersion = 17.4.33205.214
MinimumVisualStudioVersion = 10.0.40219.1
Project("{FAE04EC0-301F-11D3-BF4B-00C04F79EFBC}") = "Warehouse", "Warehouse\Warehouse.csproj", "{6BEF418E-554B-4818-9019-E9B031FA612E}"
EndProject
Global
	GlobalSection(SolutionConfigurationPlatforms) = preSolution
		Debug|Any CPU = Debug|Any CPU
		Release|Any CPU = Release|Any CPU
	EndGlobalSection
	GlobalSection(ProjectConfigurationPlatforms) = postSolution
		{6BEF418E-554B-4818-9019-E9B031FA612E}.Debug|Any CPU.ActiveCfg = Debug|Any CPU
		{6BEF418E-554B-4818-9019-E9B031FA612E}.Debug|Any CPU.Build.0 = Debug|Any CPU
		{6BEF418E-554B-4818-9019-E9B031FA612E}.Release|Any CPU.ActiveCfg = Release|Any CPU
		{6BEF418E-554B-4818-9019-E9B031FA612E}.Release|Any CPU.Build.0 = Release|Any CPU
	EndGlobalSection
	GlobalSection(SolutionProperties) = preSolution
		HideSolutionNode = FALSE
	EndGlobalSection
	GlobalSection(ExtensibilityGlobals) = postSolution
		SolutionGuid = {92CCB64E-40DE-4962-91B9-0284840940DE}
	EndGlobalSection
EndGlobal
